// !$*UTF8*$!
{
	archiveVersion = 1;
	classes = {
	};
	objectVersion = 46;
	objects = {

/* Begin PBXBuildFile section */
		2B77E3191E9DFC5700407091 /* main.m in Sources */ = {isa = PBXBuildFile; fileRef = 2B77E3181E9DFC5700407091 /* main.m */; };
		2B77E31C1E9DFC5700407091 /* AppDelegate.m in Sources */ = {isa = PBXBuildFile; fileRef = 2B77E31B1E9DFC5700407091 /* AppDelegate.m */; };
		2B77E31F1E9DFC5700407091 /* ViewController.m in Sources */ = {isa = PBXBuildFile; fileRef = 2B77E31E1E9DFC5700407091 /* ViewController.m */; };
		2B77E3221E9DFC5700407091 /* Main.storyboard in Resources */ = {isa = PBXBuildFile; fileRef = 2B77E3201E9DFC5700407091 /* Main.storyboard */; };
		2B77E3241E9DFC5700407091 /* Assets.xcassets in Resources */ = {isa = PBXBuildFile; fileRef = 2B77E3231E9DFC5700407091 /* Assets.xcassets */; };
		2B77E3271E9DFC5700407091 /* LaunchScreen.storyboard in Resources */ = {isa = PBXBuildFile; fileRef = 2B77E3251E9DFC5700407091 /* LaunchScreen.storyboard */; };
		9B3F909200A43C632907EABB /* libPods-RAC.a in Frameworks */ = {isa = PBXBuildFile; fileRef = 9C15DE75C5013F4BF1BC846F /* libPods-RAC.a */; };
/* End PBXBuildFile section */

/* Begin PBXFileReference section */
		2B77E3141E9DFC5700407091 /* RAC.app */ = {isa = PBXFileReference; explicitFileType = wrapper.application; includeInIndex = 0; path = RAC.app; sourceTree = BUILT_PRODUCTS_DIR; };
		2B77E3181E9DFC5700407091 /* main.m */ = {isa = PBXFileReference; lastKnownFileType = sourcecode.c.objc; path = main.m; sourceTree = "<group>"; };
		2B77E31A1E9DFC5700407091 /* AppDelegate.h */ = {isa = PBXFileReference; lastKnownFileType = sourcecode.c.h; path = AppDelegate.h; sourceTree = "<group>"; };
		2B77E31B1E9DFC5700407091 /* AppDelegate.m */ = {isa = PBXFileReference; lastKnownFileType = sourcecode.c.objc; path = AppDelegate.m; sourceTree = "<group>"; };
		2B77E31D1E9DFC5700407091 /* ViewController.h */ = {isa = PBXFileReference; lastKnownFileType = sourcecode.c.h; path = ViewController.h; sourceTree = "<group>"; };
		2B77E31E1E9DFC5700407091 /* ViewController.m */ = {isa = PBXFileReference; lastKnownFileType = sourcecode.c.objc; path = ViewController.m; sourceTree = "<group>"; };
		2B77E3211E9DFC5700407091 /* Base */ = {isa = PBXFileReference; lastKnownFileType = file.storyboard; name = Base; path = Base.lproj/Main.storyboard; sourceTree = "<group>"; };
		2B77E3231E9DFC5700407091 /* Assets.xcassets */ = {isa = PBXFileReference; lastKnownFileType = folder.assetcatalog; path = Assets.xcassets; sourceTree = "<group>"; };
		2B77E3261E9DFC5700407091 /* Base */ = {isa = PBXFileReference; lastKnownFileType = file.storyboard; name = Base; path = Base.lproj/LaunchScreen.storyboard; sourceTree = "<group>"; };
		2B77E3281E9DFC5700407091 /* Info.plist */ = {isa = PBXFileReference; lastKnownFileType = text.plist.xml; path = Info.plist; sourceTree = "<group>"; };
		52C2EB8459D24C06E644EC0B /* Pods-RAC.debug.xcconfig */ = {isa = PBXFileReference; includeInIndex = 1; lastKnownFileType = text.xcconfig; name = "Pods-RAC.debug.xcconfig"; path = "Pods/Target Support Files/Pods-RAC/Pods-RAC.debug.xcconfig"; sourceTree = "<group>"; };
		56BE4C0D377E9FBEDFE6F21F /* Pods-RAC.release.xcconfig */ = {isa = PBXFileReference; includeInIndex = 1; lastKnownFileType = text.xcconfig; name = "Pods-RAC.release.xcconfig"; path = "Pods/Target Support Files/Pods-RAC/Pods-RAC.release.xcconfig"; sourceTree = "<group>"; };
		9C15DE75C5013F4BF1BC846F /* libPods-RAC.a */ = {isa = PBXFileReference; explicitFileType = archive.ar; includeInIndex = 0; path = "libPods-RAC.a"; sourceTree = BUILT_PRODUCTS_DIR; };
/* End PBXFileReference section */

/* Begin PBXFrameworksBuildPhase section */
		2B77E3111E9DFC5700407091 /* Frameworks */ = {
			isa = PBXFrameworksBuildPhase;
			buildActionMask = 2147483647;
			files = (
				9B3F909200A43C632907EABB /* libPods-RAC.a in Frameworks */,
			);
			runOnlyForDeploymentPostprocessing = 0;
		};
/* End PBXFrameworksBuildPhase section */

/* Begin PBXGroup section */
		2B77E30B1E9DFC5700407091 = {
			isa = PBXGroup;
			children = (
				2B77E3161E9DFC5700407091 /* RAC */,
				2B77E3151E9DFC5700407091 /* Products */,
				5BD93676196D127E76C9C5EC /* Pods */,
				AAA76BC17B76B44069A492CC /* Frameworks */,
			);
			sourceTree = "<group>";
		};
		2B77E3151E9DFC5700407091 /* Products */ = {
			isa = PBXGroup;
			children = (
				2B77E3141E9DFC5700407091 /* RAC.app */,
			);
			name = Products;
			sourceTree = "<group>";
		};
		2B77E3161E9DFC5700407091 /* RAC */ = {
			isa = PBXGroup;
			children = (
				2B77E31A1E9DFC5700407091 /* AppDelegate.h */,
				2B77E31B1E9DFC5700407091 /* AppDelegate.m */,
				2B77E31D1E9DFC5700407091 /* ViewController.h */,
				2B77E31E1E9DFC5700407091 /* ViewController.m */,
				2B77E3201E9DFC5700407091 /* Main.storyboard */,
				2B77E3231E9DFC5700407091 /* Assets.xcassets */,
				2B77E3251E9DFC5700407091 /* LaunchScreen.storyboard */,
				2B77E3281E9DFC5700407091 /* Info.plist */,
				2B77E3171E9DFC5700407091 /* Supporting Files */,
			);
			path = RAC;
			sourceTree = "<group>";
		};
		2B77E3171E9DFC5700407091 /* Supporting Files */ = {
			isa = PBXGroup;
			children = (
				2B77E3181E9DFC5700407091 /* main.m */,
			);
			name = "Supporting Files";
			sourceTree = "<group>";
		};
		5BD93676196D127E76C9C5EC /* Pods */ = {
			isa = PBXGroup;
			children = (
				52C2EB8459D24C06E644EC0B /* Pods-RAC.debug.xcconfig */,
				56BE4C0D377E9FBEDFE6F21F /* Pods-RAC.release.xcconfig */,
			);
			name = Pods;
			sourceTree = "<group>";
		};
		AAA76BC17B76B44069A492CC /* Frameworks */ = {
			isa = PBXGroup;
			children = (
				9C15DE75C5013F4BF1BC846F /* libPods-RAC.a */,
			);
			name = Frameworks;
			sourceTree = "<group>";
		};
/* End PBXGroup section */

/* Begin PBXNativeTarget section */
		2B77E3131E9DFC5700407091 /* RAC */ = {
			isa = PBXNativeTarget;
			buildConfigurationList = 2B77E32B1E9DFC5700407091 /* Build configuration list for PBXNativeTarget "RAC" */;
			buildPhases = (
				7A1276E0594FAB3100812C34 /* [CP] Check Pods Manifest.lock */,
				2B77E3101E9DFC5700407091 /* Sources */,
				2B77E3111E9DFC5700407091 /* Frameworks */,
				2B77E3121E9DFC5700407091 /* Resources */,
				FFE2F758E70E9B4BF403CE91 /* [CP] Embed Pods Frameworks */,
				5EFBDC4B82066353F4D7AE87 /* [CP] Copy Pods Resources */,
			);
			buildRules = (
			);
			dependencies = (
			);
			name = RAC;
			productName = RAC;
			productReference = 2B77E3141E9DFC5700407091 /* RAC.app */;
			productType = "com.apple.product-type.application";
		};
/* End PBXNativeTarget section */

/* Begin PBXProject section */
		2B77E30C1E9DFC5700407091 /* Project object */ = {
			isa = PBXProject;
			attributes = {
				LastUpgradeCheck = 0830;
				ORGANIZATIONNAME = seemygo;
				TargetAttributes = {
					2B77E3131E9DFC5700407091 = {
						CreatedOnToolsVersion = 8.3.1;
						DevelopmentTeam = 756CRUYYH5;
						ProvisioningStyle = Automatic;
					};
				};
			};
			buildConfigurationList = 2B77E30F1E9DFC5700407091 /* Build configuration list for PBXProject "RAC" */;
			compatibilityVersion = "Xcode 3.2";
			developmentRegion = English;
			hasScannedForEncodings = 0;
			knownRegions = (
				en,
				Base,
			);
			mainGroup = 2B77E30B1E9DFC5700407091;
			productRefGroup = 2B77E3151E9DFC5700407091 /* Products */;
			projectDirPath = "";
			projectRoot = "";
			targets = (
				2B77E3131E9DFC5700407091 /* RAC */,
			);
		};
/* End PBXProject section */

/* Begin PBXResourcesBuildPhase section */
		2B77E3121E9DFC5700407091 /* Resources */ = {
			isa = PBXResourcesBuildPhase;
			buildActionMask = 2147483647;
			files = (
				2B77E3271E9DFC5700407091 /* LaunchScreen.storyboard in Resources */,
				2B77E3241E9DFC5700407091 /* Assets.xcassets in Resources */,
				2B77E3221E9DFC5700407091 /* Main.storyboard in Resources */,
			);
			runOnlyForDeploymentPostprocessing = 0;
		};
/* End PBXResourcesBuildPhase section */

/* Begin PBXShellScriptBuildPhase section */
		5EFBDC4B82066353F4D7AE87 /* [CP] Copy Pods Resources */ = {
			isa = PBXShellScriptBuildPhase;
			buildActionMask = 2147483647;
			files = (
			);
			inputPaths = (
			);
			name = "[CP] Copy Pods Resources";
			outputPaths = (
			);
			runOnlyForDeploymentPostprocessing = 0;
			shellPath = /bin/sh;
			shellScript = "\"${SRCROOT}/Pods/Target Support Files/Pods-RAC/Pods-RAC-resources.sh\"\n";
			showEnvVarsInLog = 0;
		};
		7A1276E0594FAB3100812C34 /* [CP] Check Pods Manifest.lock */ = {
			isa = PBXShellScriptBuildPhase;
			buildActionMask = 2147483647;
			files = (
			);
			inputPaths = (
			);
			name = "[CP] Check Pods Manifest.lock";
			outputPaths = (
			);
			runOnlyForDeploymentPostprocessing = 0;
			shellPath = /bin/sh;
			shellScript = "diff \"${PODS_ROOT}/../Podfile.lock\" \"${PODS_ROOT}/Manifest.lock\" > /dev/null\nif [ $? != 0 ] ; then\n    # print error to STDERR\n    echo \"error: The sandbox is not in sync with the Podfile.lock. Run 'pod install' or update your CocoaPods installation.\" >&2\n    exit 1\nfi\n";
			showEnvVarsInLog = 0;
		};
		FFE2F758E70E9B4BF403CE91 /* [CP] Embed Pods Frameworks */ = {
			isa = PBXShellScriptBuildPhase;
			buildActionMask = 2147483647;
			files = (
			);
			inputPaths = (
			);
			name = "[CP] Embed Pods Frameworks";
			outputPaths = (
			);
			runOnlyForDeploymentPostprocessing = 0;
			shellPath = /bin/sh;
			shellScript = "\"${SRCROOT}/Pods/Target Support Files/Pods-RAC/Pods-RAC-frameworks.sh\"\n";
			showEnvVarsInLog = 0;
		};
/* End PBXShellScriptBuildPhase section */

/* Begin PBXSourcesBuildPhase section */
		2B77E3101E9DFC5700407091 /* Sources */ = {
			isa = PBXSourcesBuildPhase;
			buildActionMask = 2147483647;
			files = (
				2B77E31F1E9DFC5700407091 /* ViewController.m in Sources */,
				2B77E31C1E9DFC5700407091 /* AppDelegate.m in Sources */,
				2B77E3191E9DFC5700407091 /* main.m in Sources */,
			);
			runOnlyForDeploymentPostprocessing = 0;
		};
/* End PBXSourcesBuildPhase section */

/* Begin PBXVariantGroup section */
		2B77E3201E9DFC5700407091 /* Main.storyboard */ = {
			isa = PBXVariantGroup;
			children = (
				2B77E3211E9DFC5700407091 /* Base */,
			);
			name = Main.storyboard;
			sourceTree = "<group>";
		};
		2B77E3251E9DFC5700407091 /* LaunchScreen.storyboard */ = {
			isa = PBXVariantGroup;
			children = (
				2B77E3261E9DFC5700407091 /* Base */,
			);
			name = LaunchScreen.storyboard;
			sourceTree = "<group>";
		};
/* End PBXVariantGroup section */

/* Begin XCBuildConfiguration section */
		2B77E3291E9DFC5700407091 /* Debug */ = {
			isa = XCBuildConfiguration;
			buildSettings = {
				ALWAYS_SEARCH_USER_PATHS = NO;
				CLANG_ANALYZER_NONNULL = YES;
				CLANG_ANALYZER_NUMBER_OBJECT_CONVERSION = YES_AGGRESSIVE;
				CLANG_CXX_LANGUAGE_STANDARD = "gnu++0x";
				CLANG_CXX_LIBRARY = "libc++";
				CLANG_ENABLE_MODULES = YES;
				CLANG_ENABLE_OBJC_ARC = YES;
				CLANG_WARN_BOOL_CONVERSION = YES;
				CLANG_WARN_CONSTANT_CONVERSION = YES;
				CLANG_WARN_DIRECT_OBJC_ISA_USAGE = YES_ERROR;
				CLANG_WARN_DOCUMENTATION_COMMENTS = YES;
				CLANG_WARN_EMPTY_BODY = YES;
				CLANG_WARN_ENUM_CONVERSION = YES;
				CLANG_WARN_INFINITE_RECURSION = YES;
				CLANG_WARN_INT_CONVERSION = YES;
				CLANG_WARN_OBJC_ROOT_CLASS = YES_ERROR;
				CLANG_WARN_SUSPICIOUS_MOVE = YES;
				CLANG_WARN_UNREACHABLE_CODE = YES;
				CLANG_WARN__DUPLICATE_METHOD_MATCH = YES;
				"CODE_SIGN_IDENTITY[sdk=iphoneos*]" = "iPhone Developer";
				COPY_PHASE_STRIP = NO;
				DEBUG_INFORMATION_FORMAT = dwarf;
				ENABLE_STRICT_OBJC_MSGSEND = YES;
				ENABLE_TESTABILITY = YES;
				GCC_C_LANGUAGE_STANDARD = gnu99;
				GCC_DYNAMIC_NO_PIC = NO;
				GCC_NO_COMMON_BLOCKS = YES;
				GCC_OPTIMIZATION_LEVEL = 0;
				GCC_PREPROCESSOR_DEFINITIONS = (
					"DEBUG=1",
					"$(inherited)",
				);
				GCC_WARN_64_TO_32_BIT_CONVERSION = YES;
				GCC_WARN_ABOUT_RETURN_TYPE = YES_ERROR;
				GCC_WARN_UNDECLARED_SELECTOR = YES;
				GCC_WARN_UNINITIALIZED_AUTOS = YES_AGGRESSIVE;
				GCC_WARN_UNUSED_FUNCTION = YES;
				GCC_WARN_UNUSED_VARIABLE = YES;
				IPHONEOS_DEPLOYMENT_TARGET = 10.3;
				MTL_ENABLE_DEBUG_INFO = YES;
				ONLY_ACTIVE_ARCH = YES;
				SDKROOT = iphoneos;
			};
			name = Debug;
		};
		2B77E32A1E9DFC5700407091 /* Release */ = {
			isa = XCBuildConfiguration;
			buildSettings = {
				ALWAYS_SEARCH_USER_PATHS = NO;
				CLANG_ANALYZER_NONNULL = YES;
				CLANG_ANALYZER_NUMBER_OBJECT_CONVERSION = YES_AGGRESSIVE;
				CLANG_CXX_LANGUAGE_STANDARD = "gnu++0x";
				CLANG_CXX_LIBRARY = "libc++";
				CLANG_ENABLE_MODULES = YES;
				CLANG_ENABLE_OBJC_ARC = YES;
				CLANG_WARN_BOOL_CONVERSION = YES;
				CLANG_WARN_CONSTANT_CONVERSION = YES;
				CLANG_WARN_DIRECT_OBJC_ISA_USAGE = YES_ERROR;
				CLANG_WARN_DOCUMENTATION_COMMENTS = YES;
				CLANG_WARN_EMPTY_BODY = YES;
				CLANG_WARN_ENUM_CONVERSION = YES;
				CLANG_WARN_INFINITE_RECURSION = YES;
				CLANG_WARN_INT_CONVERSION = YES;
				CLANG_WARN_OBJC_ROOT_CLASS = YES_ERROR;
				CLANG_WARN_SUSPICIOUS_MOVE = YES;
				CLANG_WARN_UNREACHABLE_CODE = YES;
				CLANG_WARN__DUPLICATE_METHOD_MATCH = YES;
				"CODE_SIGN_IDENTITY[sdk=iphoneos*]" = "iPhone Developer";
				COPY_PHASE_STRIP = NO;
				DEBUG_INFORMATION_FORMAT = "dwarf-with-dsym";
				ENABLE_NS_ASSERTIONS = NO;
				ENABLE_STRICT_OBJC_MSGSEND = YES;
				GCC_C_LANGUAGE_STANDARD = gnu99;
				GCC_NO_COMMON_BLOCKS = YES;
				GCC_WARN_64_TO_32_BIT_CONVERSION = YES;
				GCC_WARN_ABOUT_RETURN_TYPE = YES_ERROR;
				GCC_WARN_UNDECLARED_SELECTOR = YES;
				GCC_WARN_UNINITIALIZED_AUTOS = YES_AGGRESSIVE;
				GCC_WARN_UNUSED_FUNCTION = YES;
				GCC_WARN_UNUSED_VARIABLE = YES;
				IPHONEOS_DEPLOYMENT_TARGET = 10.3;
				MTL_ENABLE_DEBUG_INFO = NO;
				SDKROOT = iphoneos;
				VALIDATE_PRODUCT = YES;
			};
			name = Release;
		};
		2B77E32C1E9DFC5700407091 /* Debug */ = {
			isa = XCBuildConfiguration;
			baseConfigurationReference = 52C2EB8459D24C06E644EC0B /* Pods-RAC.debug.xcconfig */;
			buildSettings = {
				ASSETCATALOG_COMPILER_APPICON_NAME = AppIcon;
				DEVELOPMENT_TEAM = 756CRUYYH5;
				INFOPLIST_FILE = RAC/Info.plist;
				LD_RUNPATH_SEARCH_PATHS = "$(inherited) @executable_path/Frameworks";
				PRODUCT_BUNDLE_IDENTIFIER = com.520it.www.RAC;
				PRODUCT_NAME = "$(TARGET_NAME)";
			};
			name = Debug;
		};
		2B77E32D1E9DFC5700407091 /* Release */ = {
			isa = XCBuildConfiguration;
			baseConfigurationReference = 56BE4C0D377E9FBEDFE6F21F /* Pods-RAC.release.xcconfig */;
			buildSettings = {
				ASSETCATALOG_COMPILER_APPICON_NAME = AppIcon;
				DEVELOPMENT_TEAM = 756CRUYYH5;
				INFOPLIST_FILE = RAC/Info.plist;
				LD_RUNPATH_SEARCH_PATHS = "$(inherited) @executable_path/Frameworks";
				PRODUCT_BUNDLE_IDENTIFIER = com.520it.www.RAC;
				PRODUCT_NAME = "$(TARGET_NAME)";
			};
			name = Release;
		};
/* End XCBuildConfiguration section */

/* Begin XCConfigurationList section */
		2B77E30F1E9DFC5700407091 /* Build configuration list for PBXProject "RAC" */ = {
			isa = XCConfigurationList;
			buildConfigurations = (
				2B77E3291E9DFC5700407091 /* Debug */,
				2B77E32A1E9DFC5700407091 /* Release */,
			);
			defaultConfigurationIsVisible = 0;
			defaultConfigurationName = Release;
		};
		2B77E32B1E9DFC5700407091 /* Build configuration list for PBXNativeTarget "RAC" */ = {
			isa = XCConfigurationList;
			buildConfigurations = (
				2B77E32C1E9DFC5700407091 /* Debug */,
				2B77E32D1E9DFC5700407091 /* Release */,
			);
			defaultConfigurationIsVisible = 0;
		};
/* End XCConfigurationList section */
	};
	rootObject = 2B77E30C1E9DFC5700407091 /* Project object */;
}
